{
  "name": "sage-core",
  "version": "1.0.0",
  "lockfileVersion": 3,
  "requires": true,
  "packages": {
    "": {
      "name": "sage-core",
      "version": "1.0.0",
      "license": "MIT",
      "dependencies": {
        "comlink": "^4.4.2",
        "dxt-js": "^0.0.3",
        "gl-matrix": "^3.4.3"
      }
    },
    "node_modules/comlink": {
      "version": "4.4.2",
      "resolved": "https://registry.npmjs.org/comlink/-/comlink-4.4.2.tgz",
      "integrity": "sha512-OxGdvBmJuNKSCMO4NTl1L47VRp6xn2wG4F/2hYzB6tiCb709otOxtEYCSvK80PtjODfXXZu8ds+Nw5kVCjqd2g=="
    },
    "node_modules/dxt-js": {
      "version": "0.0.3",
      "resolved": "https://registry.npmjs.org/dxt-js/-/dxt-js-0.0.3.tgz",
      "integrity": "sha512-qNBx0i5/ICyNFO7rs5ZothChgfFD408dg/ZBBfWFXDy0xeDQ86t91QUZxj5WqeUzZQ/+PPtjTUC0w3mS+198jg==",
      "engines": {
        "node": ">=0.10.0"
      }
    },
    "node_modules/gl-matrix": {
      "version": "3.4.3",
      "resolved": "https://registry.npmjs.org/gl-matrix/-/gl-matrix-3.4.3.tgz",
      "integrity": "sha512-wcCp8vu8FT22BnvKVPjXa/ICBWRq/zjFfdofZy1WSpQZpphblv12/bOQLBC1rMM7SGOFS9ltVmKOHil5+Ml7gA=="
    }
  }
}
